PODS:
  - Capacitor (3.3.3):
    - CapacitorCordova
  - CapacitorCordova (3.3.3)

DEPENDENCIES:
  - "Capacitor (from `../node_modules/@capacitor/ios`)"
  - "CapacitorCordova (from `../node_modules/@capacitor/ios`)"

EXTERNAL SOURCES:
  Capacitor:
    :path: "../node_modules/@capacitor/ios"
  CapacitorCordova:
    :path: "../node_modules/@capacitor/ios"

SPEC CHECKSUMS:
  Capacitor: 0b3475cfa2f6849a6d83ee14836a592a6ada3b28
  CapacitorCordova: ae44f9ca2af48db94caa11420148d8ed14e55217

PODFILE CHECKSUM: d908dea01cb4b1885654341d3f4274148fb6d382

COCOAPODS: 1.11.2
