PODS:
  - Capacitor (4.6.1):
    - CapacitorCordova
  - CapacitorCordova (4.6.1)

DEPENDENCIES:
  - "Capacitor (from `../node_modules/@capacitor/ios`)"
  - "CapacitorCordova (from `../node_modules/@capacitor/ios`)"

EXTERNAL SOURCES:
  Capacitor:
    :path: "../node_modules/@capacitor/ios"
  CapacitorCordova:
    :path: "../node_modules/@capacitor/ios"

SPEC CHECKSUMS:
  Capacitor: 6b8848492d0b4fec76f53c1504089228d00645bf
  CapacitorCordova: 48a0f6863177473356a4aecb4ee69e2b865202e7

PODFILE CHECKSUM: 14e8b2400457751b865e1c327e7cfa1c6fa67da6

COCOAPODS: 1.11.3
