PODS:
  - Capacitor (5.5.1):
    - CapacitorCordova
  - CapacitorCordova (5.5.1)

DEPENDENCIES:
  - "Capacitor (from `../node_modules/@capacitor/ios`)"
  - "CapacitorCordova (from `../node_modules/@capacitor/ios`)"

EXTERNAL SOURCES:
  Capacitor:
    :path: "../node_modules/@capacitor/ios"
  CapacitorCordova:
    :path: "../node_modules/@capacitor/ios"

SPEC CHECKSUMS:
  Capacitor: 9da0a2415e3b6098511f8b5ffdb578d91ee79f8f
  CapacitorCordova: e128cc7688c070ca0bfa439898a5f609da8dbcfe

PODFILE CHECKSUM: 14e8b2400457751b865e1c327e7cfa1c6fa67da6

COCOAPODS: 1.13.0
